
Microsoft Visual Studio Solution File, Format Version 12.00
# Visual Studio Version 17
VisualStudioVersion = 17.5.002.0
MinimumVisualStudioVersion = 10.0.40219.1
Project("{9A19103F-16F7-4668-BE54-9A1E7A4F7556}") = "SeasonOfAi", "SeasonOfAi.csproj", "{47B93716-1716-423C-93CA-5870727F7511}"
EndProject
Global
	GlobalSection(SolutionConfigurationPlatforms) = preSolution
		Debug|Any CPU = Debug|Any CPU
		Release|Any CPU = Release|Any CPU
	EndGlobalSection
	GlobalSection(ProjectConfigurationPlatforms) = postSolution
		{47B93716-1716-423C-93CA-5870727F7511}.Debug|Any CPU.ActiveCfg = Debug|Any CPU
		{47B93716-1716-423C-93CA-5870727F7511}.Debug|Any CPU.Build.0 = Debug|Any CPU
		{47B93716-1716-423C-93CA-5870727F7511}.Release|Any CPU.ActiveCfg = Release|Any CPU
		{47B93716-1716-423C-93CA-5870727F7511}.Release|Any CPU.Build.0 = Release|Any CPU
	EndGlobalSection
	GlobalSection(SolutionProperties) = preSolution
		HideSolutionNode = FALSE
	EndGlobalSection
	GlobalSection(ExtensibilityGlobals) = postSolution
		SolutionGuid = {124C88E0-A214-4F91-80FA-C0325FAB4C4B}
	EndGlobalSection
EndGlobal
